Microsoft Visual Studio Solution File, Format Version 12.00
# Visual Studio Version 17
VisualStudioVersion = 17.5.2.0
MinimumVisualStudioVersion = 10.0.40219.1
Project("{2150E333-8FDC-42A3-9474-1A3956D46DE8}") = "01", "01", "{DF173627-ACA5-12FD-23F9-235B83D7F89A}"
EndProject
Project("{FAE04EC0-301F-11D3-BF4B-00C04F79EFBC}") = "mydockerapp", "01\mydockerapp\mydockerapp.csproj", "{5CBCA58D-345A-32F3-933F-BB31115DD58A}"
EndProject
Global
	GlobalSection(SolutionConfigurationPlatforms) = preSolution
		Debug|Any CPU = Debug|Any CPU
		Release|Any CPU = Release|Any CPU
	EndGlobalSection
	GlobalSection(ProjectConfigurationPlatforms) = postSolution
		{5CBCA58D-345A-32F3-933F-BB31115DD58A}.Debug|Any CPU.ActiveCfg = Debug|Any CPU
		{5CBCA58D-345A-32F3-933F-BB31115DD58A}.Debug|Any CPU.Build.0 = Debug|Any CPU
		{5CBCA58D-345A-32F3-933F-BB31115DD58A}.Release|Any CPU.ActiveCfg = Release|Any CPU
		{5CBCA58D-345A-32F3-933F-BB31115DD58A}.Release|Any CPU.Build.0 = Release|Any CPU
	EndGlobalSection
	GlobalSection(SolutionProperties) = preSolution
		HideSolutionNode = FALSE
	EndGlobalSection
	GlobalSection(NestedProjects) = preSolution
		{5CBCA58D-345A-32F3-933F-BB31115DD58A} = {DF173627-ACA5-12FD-23F9-235B83D7F89A}
	EndGlobalSection
	GlobalSection(ExtensibilityGlobals) = postSolution
		SolutionGuid = {8CB6BF1C-C296-48C9-BC52-F6CE3CF11100}
	EndGlobalSection
EndGlobal
